
Microsoft Visual Studio Solution File, Format Version 12.00
# Visual Studio Version 17
VisualStudioVersion = 17.7.34031.279
MinimumVisualStudioVersion = 10.0.40219.1
Project("{FAE04EC0-301F-11D3-BF4B-00C04F79EFBC}") = "CadParcial2Pcdh", "CadParcial2Pcdh\CadParcial2Pcdh.csproj", "{A8C86CD4-AD06-4380-A8D4-4BD481C57CA1}"
EndProject
Project("{FAE04EC0-301F-11D3-BF4B-00C04F79EFBC}") = "ClnParcial2Pcdh", "ClnParcial2Pcdh\ClnParcial2Pcdh.csproj", "{B2D88713-8043-4EE6-B458-503B8344A63D}"
EndProject
Project("{FAE04EC0-301F-11D3-BF4B-00C04F79EFBC}") = "CpParcial2Pcdh", "CpParcial2Pcdh\CpParcial2Pcdh.csproj", "{E3676027-A5E0-43D6-9A15-E361B6ECF8D3}"
EndProject
Global
	GlobalSection(SolutionConfigurationPlatforms) = preSolution
		Debug|Any CPU = Debug|Any CPU
		Release|Any CPU = Release|Any CPU
	EndGlobalSection
	GlobalSection(ProjectConfigurationPlatforms) = postSolution
		{A8C86CD4-AD06-4380-A8D4-4BD481C57CA1}.Debug|Any CPU.ActiveCfg = Debug|Any CPU
		{A8C86CD4-AD06-4380-A8D4-4BD481C57CA1}.Debug|Any CPU.Build.0 = Debug|Any CPU
		{A8C86CD4-AD06-4380-A8D4-4BD481C57CA1}.Release|Any CPU.ActiveCfg = Release|Any CPU
		{A8C86CD4-AD06-4380-A8D4-4BD481C57CA1}.Release|Any CPU.Build.0 = Release|Any CPU
		{B2D88713-8043-4EE6-B458-503B8344A63D}.Debug|Any CPU.ActiveCfg = Debug|Any CPU
		{B2D88713-8043-4EE6-B458-503B8344A63D}.Debug|Any CPU.Build.0 = Debug|Any CPU
		{B2D88713-8043-4EE6-B458-503B8344A63D}.Release|Any CPU.ActiveCfg = Release|Any CPU
		{B2D88713-8043-4EE6-B458-503B8344A63D}.Release|Any CPU.Build.0 = Release|Any CPU
		{E3676027-A5E0-43D6-9A15-E361B6ECF8D3}.Debug|Any CPU.ActiveCfg = Debug|Any CPU
		{E3676027-A5E0-43D6-9A15-E361B6ECF8D3}.Debug|Any CPU.Build.0 = Debug|Any CPU
		{E3676027-A5E0-43D6-9A15-E361B6ECF8D3}.Release|Any CPU.ActiveCfg = Release|Any CPU
		{E3676027-A5E0-43D6-9A15-E361B6ECF8D3}.Release|Any CPU.Build.0 = Release|Any CPU
	EndGlobalSection
	GlobalSection(SolutionProperties) = preSolution
		HideSolutionNode = FALSE
	EndGlobalSection
	GlobalSection(ExtensibilityGlobals) = postSolution
		SolutionGuid = {F1A1A59C-E148-4E14-9AE5-CFB481D9E461}
	EndGlobalSection
EndGlobal
